
Microsoft Visual Studio Solution File, Format Version 12.00
Project("{FAE04EC0-301F-11D3-BF4B-00C04F79EFBC}") = "Gluttony", "Gluttony.csproj", "{40A1F435-B7E8-40E9-9530-DA2CF5C9039C}"
EndProject
Global
	GlobalSection(SolutionConfigurationPlatforms) = preSolution
		Debug|Any CPU = Debug|Any CPU
		Release|Any CPU = Release|Any CPU
	EndGlobalSection
	GlobalSection(ProjectConfigurationPlatforms) = postSolution
		{40A1F435-B7E8-40E9-9530-DA2CF5C9039C}.Debug|Any CPU.ActiveCfg = Debug|Any CPU
		{40A1F435-B7E8-40E9-9530-DA2CF5C9039C}.Debug|Any CPU.Build.0 = Debug|Any CPU
		{40A1F435-B7E8-40E9-9530-DA2CF5C9039C}.Release|Any CPU.ActiveCfg = Release|Any CPU
		{40A1F435-B7E8-40E9-9530-DA2CF5C9039C}.Release|Any CPU.Build.0 = Release|Any CPU
	EndGlobalSection
EndGlobal
